
Microsoft Visual Studio Solution File, Format Version 12.00
# Visual Studio 15
VisualStudioVersion = 15.0.27130.2010
MinimumVisualStudioVersion = 10.0.40219.1
Project("{2150E333-8FDC-42A3-9474-1A3956D46DE8}") = "src", "src", "{A1F021F1-E4D9-414D-8517-ABB03AFF1098}"
EndProject
Project("{2150E333-8FDC-42A3-9474-1A3956D46DE8}") = "items", "items", "{49298A19-1054-4EEE-B919-6AF396280016}"
	ProjectSection(SolutionItems) = preProject
		.gitattributes = .gitattributes
		.gitignore = .gitignore
		GitVersion.yml = GitVersion.yml
		LICENSE.md = LICENSE.md
		README.md = README.md
	EndProjectSection
EndProject
Project("{2150E333-8FDC-42A3-9474-1A3956D46DE8}") = "samples", "samples", "{5BCC9DD7-3193-4495-9BBB-79D35B7324C7}"
EndProject
Project("{9A19103F-16F7-4668-BE54-9A1E7A4F7556}") = "GeekLearning.AspNetCore.FlashMessage", "src\GeekLearning.AspNetCore.FlashMessage\GeekLearning.AspNetCore.FlashMessage.csproj", "{210DECF5-67BF-4121-B6F2-66A74DFFB254}"
EndProject
Project("{9A19103F-16F7-4668-BE54-9A1E7A4F7556}") = "GeekLearning.AspNetCore.Mvc.TagHelpers", "src\GeekLearning.AspNetCore.Mvc.TagHelpers\GeekLearning.AspNetCore.Mvc.TagHelpers.csproj", "{BA21D5EF-37A0-4B2A-BA9E-B02E7BB10137}"
EndProject
Project("{9A19103F-16F7-4668-BE54-9A1E7A4F7556}") = "GeekLearning.AspNetCore.Semver", "src\GeekLearning.AspNetCore.Semver\GeekLearning.AspNetCore.Semver.csproj", "{8CD4D7D0-7F3C-40C4-A2A6-496FD059AB36}"
EndProject
Project("{FAE04EC0-301F-11D3-BF4B-00C04F79EFBC}") = "GeekLearning.AspNetCore.Sample", "samples\GeekLearning.AspNetCore.Sample\GeekLearning.AspNetCore.Sample.csproj", "{3AF36E7B-D25D-472E-971C-56EA91FF8B34}"
EndProject
Project("{FAE04EC0-301F-11D3-BF4B-00C04F79EFBC}") = "GeekLearning.AspNetCore.Identity.Localization", "src\GeekLearning.AspNetCore.Identity.Localization\GeekLearning.AspNetCore.Identity.Localization.csproj", "{8B93A099-4DDA-477C-BF44-6FEE2E134285}"
EndProject
Global
	GlobalSection(SolutionConfigurationPlatforms) = preSolution
		Debug|Any CPU = Debug|Any CPU
		Release|Any CPU = Release|Any CPU
	EndGlobalSection
	GlobalSection(ProjectConfigurationPlatforms) = postSolution
		{210DECF5-67BF-4121-B6F2-66A74DFFB254}.Debug|Any CPU.ActiveCfg = Debug|Any CPU
		{210DECF5-67BF-4121-B6F2-66A74DFFB254}.Debug|Any CPU.Build.0 = Debug|Any CPU
		{210DECF5-67BF-4121-B6F2-66A74DFFB254}.Release|Any CPU.ActiveCfg = Release|Any CPU
		{210DECF5-67BF-4121-B6F2-66A74DFFB254}.Release|Any CPU.Build.0 = Release|Any CPU
		{BA21D5EF-37A0-4B2A-BA9E-B02E7BB10137}.Debug|Any CPU.ActiveCfg = Debug|Any CPU
		{BA21D5EF-37A0-4B2A-BA9E-B02E7BB10137}.Debug|Any CPU.Build.0 = Debug|Any CPU
		{BA21D5EF-37A0-4B2A-BA9E-B02E7BB10137}.Release|Any CPU.ActiveCfg = Release|Any CPU
		{BA21D5EF-37A0-4B2A-BA9E-B02E7BB10137}.Release|Any CPU.Build.0 = Release|Any CPU
		{8CD4D7D0-7F3C-40C4-A2A6-496FD059AB36}.Debug|Any CPU.ActiveCfg = Debug|Any CPU
		{8CD4D7D0-7F3C-40C4-A2A6-496FD059AB36}.Debug|Any CPU.Build.0 = Debug|Any CPU
		{8CD4D7D0-7F3C-40C4-A2A6-496FD059AB36}.Release|Any CPU.ActiveCfg = Release|Any CPU
		{8CD4D7D0-7F3C-40C4-A2A6-496FD059AB36}.Release|Any CPU.Build.0 = Release|Any CPU
		{3AF36E7B-D25D-472E-971C-56EA91FF8B34}.Debug|Any CPU.ActiveCfg = Debug|Any CPU
		{3AF36E7B-D25D-472E-971C-56EA91FF8B34}.Debug|Any CPU.Build.0 = Debug|Any CPU
		{3AF36E7B-D25D-472E-971C-56EA91FF8B34}.Release|Any CPU.ActiveCfg = Release|Any CPU
		{3AF36E7B-D25D-472E-971C-56EA91FF8B34}.Release|Any CPU.Build.0 = Release|Any CPU
		{8B93A099-4DDA-477C-BF44-6FEE2E134285}.Debug|Any CPU.ActiveCfg = Debug|Any CPU
		{8B93A099-4DDA-477C-BF44-6FEE2E134285}.Debug|Any CPU.Build.0 = Debug|Any CPU
		{8B93A099-4DDA-477C-BF44-6FEE2E134285}.Release|Any CPU.ActiveCfg = Release|Any CPU
		{8B93A099-4DDA-477C-BF44-6FEE2E134285}.Release|Any CPU.Build.0 = Release|Any CPU
	EndGlobalSection
	GlobalSection(SolutionProperties) = preSolution
		HideSolutionNode = FALSE
	EndGlobalSection
	GlobalSection(NestedProjects) = preSolution
		{210DECF5-67BF-4121-B6F2-66A74DFFB254} = {A1F021F1-E4D9-414D-8517-ABB03AFF1098}
		{BA21D5EF-37A0-4B2A-BA9E-B02E7BB10137} = {A1F021F1-E4D9-414D-8517-ABB03AFF1098}
		{8CD4D7D0-7F3C-40C4-A2A6-496FD059AB36} = {A1F021F1-E4D9-414D-8517-ABB03AFF1098}
		{3AF36E7B-D25D-472E-971C-56EA91FF8B34} = {5BCC9DD7-3193-4495-9BBB-79D35B7324C7}
		{8B93A099-4DDA-477C-BF44-6FEE2E134285} = {A1F021F1-E4D9-414D-8517-ABB03AFF1098}
	EndGlobalSection
	GlobalSection(ExtensibilityGlobals) = postSolution
		SolutionGuid = {BFA97740-88DD-4B90-A7D3-3D6F877305A8}
	EndGlobalSection
EndGlobal
